
Microsoft Visual Studio Solution File, Format Version 12.00
# Visual Studio Version 16
VisualStudioVersion = 16.0.30804.86
MinimumVisualStudioVersion = 10.0.40219.1
Project("{FAE04EC0-301F-11D3-BF4B-00C04F79EFBC}") = "ExchangeRate", "ExchangeRate.csproj", "{554EEECE-1CBE-4A75-9C4E-03ACB4872BBD}"
EndProject
Project("{FAE04EC0-301F-11D3-BF4B-00C04F79EFBC}") = "ExchangeRate.Tests", "..\ExchangeRate.Tests\ExchangeRate.Tests.csproj", "{7FE2EBC8-CC0B-4E43-B55F-983D1AEA49D5}"
EndProject
Global
	GlobalSection(SolutionConfigurationPlatforms) = preSolution
		Debug|Any CPU = Debug|Any CPU
		Release|Any CPU = Release|Any CPU
	EndGlobalSection
	GlobalSection(ProjectConfigurationPlatforms) = postSolution
		{554EEECE-1CBE-4A75-9C4E-03ACB4872BBD}.Debug|Any CPU.ActiveCfg = Debug|Any CPU
		{554EEECE-1CBE-4A75-9C4E-03ACB4872BBD}.Debug|Any CPU.Build.0 = Debug|Any CPU
		{554EEECE-1CBE-4A75-9C4E-03ACB4872BBD}.Release|Any CPU.ActiveCfg = Release|Any CPU
		{554EEECE-1CBE-4A75-9C4E-03ACB4872BBD}.Release|Any CPU.Build.0 = Release|Any CPU
		{7FE2EBC8-CC0B-4E43-B55F-983D1AEA49D5}.Debug|Any CPU.ActiveCfg = Debug|Any CPU
		{7FE2EBC8-CC0B-4E43-B55F-983D1AEA49D5}.Debug|Any CPU.Build.0 = Debug|Any CPU
		{7FE2EBC8-CC0B-4E43-B55F-983D1AEA49D5}.Release|Any CPU.ActiveCfg = Release|Any CPU
		{7FE2EBC8-CC0B-4E43-B55F-983D1AEA49D5}.Release|Any CPU.Build.0 = Release|Any CPU
	EndGlobalSection
	GlobalSection(SolutionProperties) = preSolution
		HideSolutionNode = FALSE
	EndGlobalSection
	GlobalSection(ExtensibilityGlobals) = postSolution
		SolutionGuid = {58B2FD0C-4555-4C65-932E-E42F5D781C89}
	EndGlobalSection
EndGlobal
